// !$*UTF8*$!
{
	archiveVersion = 1;
	classes = {
	};
	objectVersion = 51;
	objects = {

/* Begin PBXBuildFile section */
		26730E53A9311A5732894EAE /* Pods_MicroblogTests.framework in Frameworks */ = {isa = PBXBuildFile; fileRef = 83B0081EB53CB7F0A2835B31 /* Pods_MicroblogTests.framework */; };
		571FA54723109F770076FCA7 /* AppDelegate.swift in Sources */ = {isa = PBXBuildFile; fileRef = 571FA54623109F770076FCA7 /* AppDelegate.swift */; };
		571FA54923109F770076FCA7 /* MainViewController.swift in Sources */ = {isa = PBXBuildFile; fileRef = 571FA54823109F770076FCA7 /* MainViewController.swift */; };
		571FA54C23109F770076FCA7 /* Main.storyboard in Resources */ = {isa = PBXBuildFile; fileRef = 571FA54A23109F770076FCA7 /* Main.storyboard */; };
		571FA54E23109F7B0076FCA7 /* Assets.xcassets in Resources */ = {isa = PBXBuildFile; fileRef = 571FA54D23109F7B0076FCA7 /* Assets.xcassets */; };
		571FA55123109F7B0076FCA7 /* LaunchScreen.storyboard in Resources */ = {isa = PBXBuildFile; fileRef = 571FA54F23109F7B0076FCA7 /* LaunchScreen.storyboard */; };
		571FA55C23109F7B0076FCA7 /* MicroblogTests.swift in Sources */ = {isa = PBXBuildFile; fileRef = 571FA55B23109F7B0076FCA7 /* MicroblogTests.swift */; };
		573C441F2312518800DC87AA /* JSONPlaceholder.swift in Sources */ = {isa = PBXBuildFile; fileRef = 573C441E2312518800DC87AA /* JSONPlaceholder.swift */; };
		573C44212312535000DC87AA /* UserService.swift in Sources */ = {isa = PBXBuildFile; fileRef = 573C44202312535000DC87AA /* UserService.swift */; };
		573C4423231256A300DC87AA /* Logger.swift in Sources */ = {isa = PBXBuildFile; fileRef = 573C4422231256A300DC87AA /* Logger.swift */; };
		573C44272312626500DC87AA /* users.json in Resources */ = {isa = PBXBuildFile; fileRef = 573C44262312626500DC87AA /* users.json */; };
		578388692310F170007517F7 /* UserListViewController.swift in Sources */ = {isa = PBXBuildFile; fileRef = 578388682310F170007517F7 /* UserListViewController.swift */; };
		5783886B2310F19F007517F7 /* UserListBuilder.swift in Sources */ = {isa = PBXBuildFile; fileRef = 5783886A2310F19F007517F7 /* UserListBuilder.swift */; };
		5783886D2310F27D007517F7 /* UserListInteractor.swift in Sources */ = {isa = PBXBuildFile; fileRef = 5783886C2310F27D007517F7 /* UserListInteractor.swift */; };
		578388732310F2E3007517F7 /* UserModel.swift in Sources */ = {isa = PBXBuildFile; fileRef = 578388722310F2E3007517F7 /* UserModel.swift */; };
		578388762310FD90007517F7 /* UserListUserCell.swift in Sources */ = {isa = PBXBuildFile; fileRef = 578388752310FD90007517F7 /* UserListUserCell.swift */; };
		5783887823110C26007517F7 /* UserListTitleCell.swift in Sources */ = {isa = PBXBuildFile; fileRef = 5783887723110C26007517F7 /* UserListTitleCell.swift */; };
		5783887B23110D2E007517F7 /* UICollectionView+Dequeue.swift in Sources */ = {isa = PBXBuildFile; fileRef = 5783887A23110D2E007517F7 /* UICollectionView+Dequeue.swift */; };
		5783887D23110E29007517F7 /* UserList.storyboard in Resources */ = {isa = PBXBuildFile; fileRef = 5783887C23110E29007517F7 /* UserList.storyboard */; };
		57D010E5231277C10083BAE9 /* JSONPlaceholder+TestSampleData.swift in Sources */ = {isa = PBXBuildFile; fileRef = 57D010E4231277C10083BAE9 /* JSONPlaceholder+TestSampleData.swift */; };
		57D010E823127B4F0083BAE9 /* XCTestCase+Moya.swift in Sources */ = {isa = PBXBuildFile; fileRef = 57D010E723127B4F0083BAE9 /* XCTestCase+Moya.swift */; };
		57D010EA23127B7F0083BAE9 /* TestableTargetType.swift in Sources */ = {isa = PBXBuildFile; fileRef = 57D010E923127B7F0083BAE9 /* TestableTargetType.swift */; };
		57D010EB23127BC20083BAE9 /* Logger.swift in Sources */ = {isa = PBXBuildFile; fileRef = 573C4422231256A300DC87AA /* Logger.swift */; };
		57D010EF23134A090083BAE9 /* UserListViewModel.swift in Sources */ = {isa = PBXBuildFile; fileRef = 57D010EE23134A090083BAE9 /* UserListViewModel.swift */; };
		A674A0425C4FF2349ABA980F /* Pods_Microblog.framework in Frameworks */ = {isa = PBXBuildFile; fileRef = FDABFFDFF81A53567E0555BF /* Pods_Microblog.framework */; };
/* End PBXBuildFile section */

/* Begin PBXContainerItemProxy section */
		571FA55823109F7B0076FCA7 /* PBXContainerItemProxy */ = {
			isa = PBXContainerItemProxy;
			containerPortal = 571FA53B23109F770076FCA7 /* Project object */;
			proxyType = 1;
			remoteGlobalIDString = 571FA54223109F770076FCA7;
			remoteInfo = Microblog;
		};
/* End PBXContainerItemProxy section */

/* Begin PBXFileReference section */
		4639DEF22C68ED9E06C14572 /* Pods-Microblog.release.xcconfig */ = {isa = PBXFileReference; includeInIndex = 1; lastKnownFileType = text.xcconfig; name = "Pods-Microblog.release.xcconfig"; path = "Target Support Files/Pods-Microblog/Pods-Microblog.release.xcconfig"; sourceTree = "<group>"; };
		571FA54323109F770076FCA7 /* Microblog.app */ = {isa = PBXFileReference; explicitFileType = wrapper.application; includeInIndex = 0; path = Microblog.app; sourceTree = BUILT_PRODUCTS_DIR; };
		571FA54623109F770076FCA7 /* AppDelegate.swift */ = {isa = PBXFileReference; lastKnownFileType = sourcecode.swift; path = AppDelegate.swift; sourceTree = "<group>"; };
		571FA54823109F770076FCA7 /* MainViewController.swift */ = {isa = PBXFileReference; lastKnownFileType = sourcecode.swift; path = MainViewController.swift; sourceTree = "<group>"; };
		571FA54B23109F770076FCA7 /* Base */ = {isa = PBXFileReference; lastKnownFileType = file.storyboard; name = Base; path = Base.lproj/Main.storyboard; sourceTree = "<group>"; };
		571FA54D23109F7B0076FCA7 /* Assets.xcassets */ = {isa = PBXFileReference; lastKnownFileType = folder.assetcatalog; path = Assets.xcassets; sourceTree = "<group>"; };
		571FA55023109F7B0076FCA7 /* Base */ = {isa = PBXFileReference; lastKnownFileType = file.storyboard; name = Base; path = Base.lproj/LaunchScreen.storyboard; sourceTree = "<group>"; };
		571FA55223109F7B0076FCA7 /* Info.plist */ = {isa = PBXFileReference; lastKnownFileType = text.plist.xml; path = Info.plist; sourceTree = "<group>"; };
		571FA55723109F7B0076FCA7 /* MicroblogTests.xctest */ = {isa = PBXFileReference; explicitFileType = wrapper.cfbundle; includeInIndex = 0; path = MicroblogTests.xctest; sourceTree = BUILT_PRODUCTS_DIR; };
		571FA55B23109F7B0076FCA7 /* MicroblogTests.swift */ = {isa = PBXFileReference; lastKnownFileType = sourcecode.swift; path = MicroblogTests.swift; sourceTree = "<group>"; };
		571FA55D23109F7B0076FCA7 /* Info.plist */ = {isa = PBXFileReference; lastKnownFileType = text.plist.xml; path = Info.plist; sourceTree = "<group>"; };
		573C441E2312518800DC87AA /* JSONPlaceholder.swift */ = {isa = PBXFileReference; lastKnownFileType = sourcecode.swift; path = JSONPlaceholder.swift; sourceTree = "<group>"; };
		573C44202312535000DC87AA /* UserService.swift */ = {isa = PBXFileReference; lastKnownFileType = sourcecode.swift; path = UserService.swift; sourceTree = "<group>"; };
		573C4422231256A300DC87AA /* Logger.swift */ = {isa = PBXFileReference; lastKnownFileType = sourcecode.swift; path = Logger.swift; sourceTree = "<group>"; };
		573C44262312626500DC87AA /* users.json */ = {isa = PBXFileReference; fileEncoding = 4; lastKnownFileType = text.json; name = users.json; path = Responses/users.json; sourceTree = SOURCE_ROOT; };
		578388682310F170007517F7 /* UserListViewController.swift */ = {isa = PBXFileReference; lastKnownFileType = sourcecode.swift; path = UserListViewController.swift; sourceTree = "<group>"; };
		5783886A2310F19F007517F7 /* UserListBuilder.swift */ = {isa = PBXFileReference; lastKnownFileType = sourcecode.swift; path = UserListBuilder.swift; sourceTree = "<group>"; };
		5783886C2310F27D007517F7 /* UserListInteractor.swift */ = {isa = PBXFileReference; lastKnownFileType = sourcecode.swift; path = UserListInteractor.swift; sourceTree = "<group>"; };
		578388722310F2E3007517F7 /* UserModel.swift */ = {isa = PBXFileReference; lastKnownFileType = sourcecode.swift; path = UserModel.swift; sourceTree = "<group>"; };
		578388752310FD90007517F7 /* UserListUserCell.swift */ = {isa = PBXFileReference; lastKnownFileType = sourcecode.swift; path = UserListUserCell.swift; sourceTree = "<group>"; };
		5783887723110C26007517F7 /* UserListTitleCell.swift */ = {isa = PBXFileReference; lastKnownFileType = sourcecode.swift; path = UserListTitleCell.swift; sourceTree = "<group>"; };
		5783887A23110D2E007517F7 /* UICollectionView+Dequeue.swift */ = {isa = PBXFileReference; lastKnownFileType = sourcecode.swift; path = "UICollectionView+Dequeue.swift"; sourceTree = "<group>"; };
		5783887C23110E29007517F7 /* UserList.storyboard */ = {isa = PBXFileReference; lastKnownFileType = file.storyboard; path = UserList.storyboard; sourceTree = "<group>"; };
		57D010E4231277C10083BAE9 /* JSONPlaceholder+TestSampleData.swift */ = {isa = PBXFileReference; lastKnownFileType = sourcecode.swift; path = "JSONPlaceholder+TestSampleData.swift"; sourceTree = "<group>"; };
		57D010E723127B4F0083BAE9 /* XCTestCase+Moya.swift */ = {isa = PBXFileReference; lastKnownFileType = sourcecode.swift; path = "XCTestCase+Moya.swift"; sourceTree = "<group>"; };
		57D010E923127B7F0083BAE9 /* TestableTargetType.swift */ = {isa = PBXFileReference; lastKnownFileType = sourcecode.swift; path = TestableTargetType.swift; sourceTree = "<group>"; };
		57D010EE23134A090083BAE9 /* UserListViewModel.swift */ = {isa = PBXFileReference; lastKnownFileType = sourcecode.swift; path = UserListViewModel.swift; sourceTree = "<group>"; };
		6E1324CA3265F9F6903634B5 /* Pods-MicroblogTests.release.xcconfig */ = {isa = PBXFileReference; includeInIndex = 1; lastKnownFileType = text.xcconfig; name = "Pods-MicroblogTests.release.xcconfig"; path = "Target Support Files/Pods-MicroblogTests/Pods-MicroblogTests.release.xcconfig"; sourceTree = "<group>"; };
		808A5B82133B130BA6554938 /* Pods-Microblog.debug.xcconfig */ = {isa = PBXFileReference; includeInIndex = 1; lastKnownFileType = text.xcconfig; name = "Pods-Microblog.debug.xcconfig"; path = "Target Support Files/Pods-Microblog/Pods-Microblog.debug.xcconfig"; sourceTree = "<group>"; };
		83B0081EB53CB7F0A2835B31 /* Pods_MicroblogTests.framework */ = {isa = PBXFileReference; explicitFileType = wrapper.framework; includeInIndex = 0; path = Pods_MicroblogTests.framework; sourceTree = BUILT_PRODUCTS_DIR; };
		F093845D129F3F7F37E27F36 /* Pods-MicroblogTests.debug.xcconfig */ = {isa = PBXFileReference; includeInIndex = 1; lastKnownFileType = text.xcconfig; name = "Pods-MicroblogTests.debug.xcconfig"; path = "Target Support Files/Pods-MicroblogTests/Pods-MicroblogTests.debug.xcconfig"; sourceTree = "<group>"; };
		FDABFFDFF81A53567E0555BF /* Pods_Microblog.framework */ = {isa = PBXFileReference; explicitFileType = wrapper.framework; includeInIndex = 0; path = Pods_Microblog.framework; sourceTree = BUILT_PRODUCTS_DIR; };
/* End PBXFileReference section */

/* Begin PBXFrameworksBuildPhase section */
		571FA54023109F770076FCA7 /* Frameworks */ = {
			isa = PBXFrameworksBuildPhase;
			buildActionMask = 2147483647;
			files = (
				A674A0425C4FF2349ABA980F /* Pods_Microblog.framework in Frameworks */,
			);
			runOnlyForDeploymentPostprocessing = 0;
		};
		571FA55423109F7B0076FCA7 /* Frameworks */ = {
			isa = PBXFrameworksBuildPhase;
			buildActionMask = 2147483647;
			files = (
				26730E53A9311A5732894EAE /* Pods_MicroblogTests.framework in Frameworks */,
			);
			runOnlyForDeploymentPostprocessing = 0;
		};
/* End PBXFrameworksBuildPhase section */

/* Begin PBXGroup section */
		42C4B7C7BF7EA74FBE7B2B73 /* Frameworks */ = {
			isa = PBXGroup;
			children = (
				FDABFFDFF81A53567E0555BF /* Pods_Microblog.framework */,
				83B0081EB53CB7F0A2835B31 /* Pods_MicroblogTests.framework */,
			);
			name = Frameworks;
			sourceTree = "<group>";
		};
		571FA53A23109F770076FCA7 = {
			isa = PBXGroup;
			children = (
				571FA54523109F770076FCA7 /* Microblog */,
				571FA55A23109F7B0076FCA7 /* MicroblogTests */,
				571FA54423109F770076FCA7 /* Products */,
				5910E28036E72E0FEBEE6022 /* Pods */,
				42C4B7C7BF7EA74FBE7B2B73 /* Frameworks */,
			);
			sourceTree = "<group>";
		};
		571FA54423109F770076FCA7 /* Products */ = {
			isa = PBXGroup;
			children = (
				571FA54323109F770076FCA7 /* Microblog.app */,
				571FA55723109F7B0076FCA7 /* MicroblogTests.xctest */,
			);
			name = Products;
			sourceTree = "<group>";
		};
		571FA54523109F770076FCA7 /* Microblog */ = {
			isa = PBXGroup;
			children = (
				578388652310EC76007517F7 /* Singletons */,
				5783887923110D18007517F7 /* Extensions */,
				578388632310EB27007517F7 /* Modules */,
				578388702310F2D3007517F7 /* Services */,
				578388662310ECCA007517F7 /* Resources */,
			);
			path = Microblog;
			sourceTree = "<group>";
		};
		571FA55A23109F7B0076FCA7 /* MicroblogTests */ = {
			isa = PBXGroup;
			children = (
				571FA55B23109F7B0076FCA7 /* MicroblogTests.swift */,
				57D010E4231277C10083BAE9 /* JSONPlaceholder+TestSampleData.swift */,
				57D010E623127B330083BAE9 /* Common */,
				573C44242312622200DC87AA /* Resources */,
				571FA55D23109F7B0076FCA7 /* Info.plist */,
			);
			path = MicroblogTests;
			sourceTree = "<group>";
		};
		573C44242312622200DC87AA /* Resources */ = {
			isa = PBXGroup;
			children = (
				573C44252312624900DC87AA /* Responses */,
			);
			path = Resources;
			sourceTree = "<group>";
		};
		573C44252312624900DC87AA /* Responses */ = {
			isa = PBXGroup;
			children = (
				573C44262312626500DC87AA /* users.json */,
			);
			path = Responses;
			sourceTree = "<group>";
		};
		578388632310EB27007517F7 /* Modules */ = {
			isa = PBXGroup;
			children = (
				578388642310EB3D007517F7 /* Main */,
				578388672310F0E8007517F7 /* UsersList */,
			);
			path = Modules;
			sourceTree = "<group>";
		};
		578388642310EB3D007517F7 /* Main */ = {
			isa = PBXGroup;
			children = (
				571FA54823109F770076FCA7 /* MainViewController.swift */,
				571FA54A23109F770076FCA7 /* Main.storyboard */,
			);
			path = Main;
			sourceTree = "<group>";
		};
		578388652310EC76007517F7 /* Singletons */ = {
			isa = PBXGroup;
			children = (
				571FA54623109F770076FCA7 /* AppDelegate.swift */,
				573C4422231256A300DC87AA /* Logger.swift */,
			);
			path = Singletons;
			sourceTree = "<group>";
		};
		578388662310ECCA007517F7 /* Resources */ = {
			isa = PBXGroup;
			children = (
				571FA54D23109F7B0076FCA7 /* Assets.xcassets */,
				571FA54F23109F7B0076FCA7 /* LaunchScreen.storyboard */,
				571FA55223109F7B0076FCA7 /* Info.plist */,
			);
			path = Resources;
			sourceTree = "<group>";
		};
		578388672310F0E8007517F7 /* UsersList */ = {
			isa = PBXGroup;
			children = (
				578388742310FB53007517F7 /* Cells */,
				5783886A2310F19F007517F7 /* UserListBuilder.swift */,
				578388682310F170007517F7 /* UserListViewController.swift */,
				5783886C2310F27D007517F7 /* UserListInteractor.swift */,
				57D010EE23134A090083BAE9 /* UserListViewModel.swift */,
				5783887C23110E29007517F7 /* UserList.storyboard */,
			);
			path = UsersList;
			sourceTree = "<group>";
		};
		578388702310F2D3007517F7 /* Services */ = {
			isa = PBXGroup;
			children = (
				578388712310F2D9007517F7 /* Models */,
				573C441E2312518800DC87AA /* JSONPlaceholder.swift */,
				573C44202312535000DC87AA /* UserService.swift */,
			);
			path = Services;
			sourceTree = "<group>";
		};
		578388712310F2D9007517F7 /* Models */ = {
			isa = PBXGroup;
			children = (
				578388722310F2E3007517F7 /* UserModel.swift */,
			);
			path = Models;
			sourceTree = "<group>";
		};
		578388742310FB53007517F7 /* Cells */ = {
			isa = PBXGroup;
			children = (
				578388752310FD90007517F7 /* UserListUserCell.swift */,
				5783887723110C26007517F7 /* UserListTitleCell.swift */,
			);
			path = Cells;
			sourceTree = "<group>";
		};
		5783887923110D18007517F7 /* Extensions */ = {
			isa = PBXGroup;
			children = (
				5783887A23110D2E007517F7 /* UICollectionView+Dequeue.swift */,
			);
			path = Extensions;
			sourceTree = "<group>";
		};
		57D010E623127B330083BAE9 /* Common */ = {
			isa = PBXGroup;
			children = (
				57D010E723127B4F0083BAE9 /* XCTestCase+Moya.swift */,
				57D010E923127B7F0083BAE9 /* TestableTargetType.swift */,
			);
			path = Common;
			sourceTree = "<group>";
		};
		5910E28036E72E0FEBEE6022 /* Pods */ = {
			isa = PBXGroup;
			children = (
				808A5B82133B130BA6554938 /* Pods-Microblog.debug.xcconfig */,
				4639DEF22C68ED9E06C14572 /* Pods-Microblog.release.xcconfig */,
				F093845D129F3F7F37E27F36 /* Pods-MicroblogTests.debug.xcconfig */,
				6E1324CA3265F9F6903634B5 /* Pods-MicroblogTests.release.xcconfig */,
			);
			path = Pods;
			sourceTree = "<group>";
		};
/* End PBXGroup section */

/* Begin PBXNativeTarget section */
		571FA54223109F770076FCA7 /* Microblog */ = {
			isa = PBXNativeTarget;
			buildConfigurationList = 571FA56023109F7B0076FCA7 /* Build configuration list for PBXNativeTarget "Microblog" */;
			buildPhases = (
				6BE6FBCD0B29B0FE1A81D365 /* [CP] Check Pods Manifest.lock */,
				571FA53F23109F770076FCA7 /* Sources */,
				571FA54023109F770076FCA7 /* Frameworks */,
				571FA54123109F770076FCA7 /* Resources */,
				0E3FD5379C708BFB39DEA5FC /* [CP] Embed Pods Frameworks */,
			);
			buildRules = (
			);
			dependencies = (
			);
			name = Microblog;
			productName = Microblog;
			productReference = 571FA54323109F770076FCA7 /* Microblog.app */;
			productType = "com.apple.product-type.application";
		};
		571FA55623109F7B0076FCA7 /* MicroblogTests */ = {
			isa = PBXNativeTarget;
			buildConfigurationList = 571FA56323109F7B0076FCA7 /* Build configuration list for PBXNativeTarget "MicroblogTests" */;
			buildPhases = (
				53F326D995CCDEA533A51AC9 /* [CP] Check Pods Manifest.lock */,
				571FA55323109F7B0076FCA7 /* Sources */,
				571FA55423109F7B0076FCA7 /* Frameworks */,
				571FA55523109F7B0076FCA7 /* Resources */,
				870BC391A6489FFF7A6AFC39 /* [CP] Embed Pods Frameworks */,
			);
			buildRules = (
			);
			dependencies = (
				571FA55923109F7B0076FCA7 /* PBXTargetDependency */,
			);
			name = MicroblogTests;
			productName = MicroblogTests;
			productReference = 571FA55723109F7B0076FCA7 /* MicroblogTests.xctest */;
			productType = "com.apple.product-type.bundle.unit-test";
		};
/* End PBXNativeTarget section */

/* Begin PBXProject section */
		571FA53B23109F770076FCA7 /* Project object */ = {
			isa = PBXProject;
			attributes = {
				LastSwiftUpdateCheck = 1030;
				LastUpgradeCheck = 1030;
				ORGANIZATIONNAME = "Victor Nouvellet";
				TargetAttributes = {
					571FA54223109F770076FCA7 = {
						CreatedOnToolsVersion = 10.3;
					};
					571FA55623109F7B0076FCA7 = {
						CreatedOnToolsVersion = 10.3;
						TestTargetID = 571FA54223109F770076FCA7;
					};
				};
			};
			buildConfigurationList = 571FA53E23109F770076FCA7 /* Build configuration list for PBXProject "Microblog" */;
			compatibilityVersion = "Xcode 9.3";
			developmentRegion = en;
			hasScannedForEncodings = 0;
			knownRegions = (
				en,
				Base,
			);
			mainGroup = 571FA53A23109F770076FCA7;
			productRefGroup = 571FA54423109F770076FCA7 /* Products */;
			projectDirPath = "";
			projectRoot = "";
			targets = (
				571FA54223109F770076FCA7 /* Microblog */,
				571FA55623109F7B0076FCA7 /* MicroblogTests */,
			);
		};
/* End PBXProject section */

/* Begin PBXResourcesBuildPhase section */
		571FA54123109F770076FCA7 /* Resources */ = {
			isa = PBXResourcesBuildPhase;
			buildActionMask = 2147483647;
			files = (
				571FA55123109F7B0076FCA7 /* LaunchScreen.storyboard in Resources */,
				5783887D23110E29007517F7 /* UserList.storyboard in Resources */,
				571FA54E23109F7B0076FCA7 /* Assets.xcassets in Resources */,
				571FA54C23109F770076FCA7 /* Main.storyboard in Resources */,
			);
			runOnlyForDeploymentPostprocessing = 0;
		};
		571FA55523109F7B0076FCA7 /* Resources */ = {
			isa = PBXResourcesBuildPhase;
			buildActionMask = 2147483647;
			files = (
				573C44272312626500DC87AA /* users.json in Resources */,
			);
			runOnlyForDeploymentPostprocessing = 0;
		};
/* End PBXResourcesBuildPhase section */

/* Begin PBXShellScriptBuildPhase section */
		0E3FD5379C708BFB39DEA5FC /* [CP] Embed Pods Frameworks */ = {
			isa = PBXShellScriptBuildPhase;
			buildActionMask = 2147483647;
			files = (
			);
			inputFileListPaths = (
				"${PODS_ROOT}/Target Support Files/Pods-Microblog/Pods-Microblog-frameworks-${CONFIGURATION}-input-files.xcfilelist",
			);
			name = "[CP] Embed Pods Frameworks";
			outputFileListPaths = (
				"${PODS_ROOT}/Target Support Files/Pods-Microblog/Pods-Microblog-frameworks-${CONFIGURATION}-output-files.xcfilelist",
			);
			runOnlyForDeploymentPostprocessing = 0;
			shellPath = /bin/sh;
			shellScript = "\"${PODS_ROOT}/Target Support Files/Pods-Microblog/Pods-Microblog-frameworks.sh\"\n";
			showEnvVarsInLog = 0;
		};
		53F326D995CCDEA533A51AC9 /* [CP] Check Pods Manifest.lock */ = {
			isa = PBXShellScriptBuildPhase;
			buildActionMask = 2147483647;
			files = (
			);
			inputFileListPaths = (
			);
			inputPaths = (
				"${PODS_PODFILE_DIR_PATH}/Podfile.lock",
				"${PODS_ROOT}/Manifest.lock",
			);
			name = "[CP] Check Pods Manifest.lock";
			outputFileListPaths = (
			);
			outputPaths = (
				"$(DERIVED_FILE_DIR)/Pods-MicroblogTests-checkManifestLockResult.txt",
			);
			runOnlyForDeploymentPostprocessing = 0;
			shellPath = /bin/sh;
			shellScript = "diff \"${PODS_PODFILE_DIR_PATH}/Podfile.lock\" \"${PODS_ROOT}/Manifest.lock\" > /dev/null\nif [ $? != 0 ] ; then\n    # print error to STDERR\n    echo \"error: The sandbox is not in sync with the Podfile.lock. Run 'pod install' or update your CocoaPods installation.\" >&2\n    exit 1\nfi\n# This output is used by Xcode 'outputs' to avoid re-running this script phase.\necho \"SUCCESS\" > \"${SCRIPT_OUTPUT_FILE_0}\"\n";
			showEnvVarsInLog = 0;
		};
		6BE6FBCD0B29B0FE1A81D365 /* [CP] Check Pods Manifest.lock */ = {
			isa = PBXShellScriptBuildPhase;
			buildActionMask = 2147483647;
			files = (
			);
			inputFileListPaths = (
			);
			inputPaths = (
				"${PODS_PODFILE_DIR_PATH}/Podfile.lock",
				"${PODS_ROOT}/Manifest.lock",
			);
			name = "[CP] Check Pods Manifest.lock";
			outputFileListPaths = (
			);
			outputPaths = (
				"$(DERIVED_FILE_DIR)/Pods-Microblog-checkManifestLockResult.txt",
			);
			runOnlyForDeploymentPostprocessing = 0;
			shellPath = /bin/sh;
			shellScript = "diff \"${PODS_PODFILE_DIR_PATH}/Podfile.lock\" \"${PODS_ROOT}/Manifest.lock\" > /dev/null\nif [ $? != 0 ] ; then\n    # print error to STDERR\n    echo \"error: The sandbox is not in sync with the Podfile.lock. Run 'pod install' or update your CocoaPods installation.\" >&2\n    exit 1\nfi\n# This output is used by Xcode 'outputs' to avoid re-running this script phase.\necho \"SUCCESS\" > \"${SCRIPT_OUTPUT_FILE_0}\"\n";
			showEnvVarsInLog = 0;
		};
		870BC391A6489FFF7A6AFC39 /* [CP] Embed Pods Frameworks */ = {
			isa = PBXShellScriptBuildPhase;
			buildActionMask = 2147483647;
			files = (
			);
			inputFileListPaths = (
				"${PODS_ROOT}/Target Support Files/Pods-MicroblogTests/Pods-MicroblogTests-frameworks-${CONFIGURATION}-input-files.xcfilelist",
			);
			name = "[CP] Embed Pods Frameworks";
			outputFileListPaths = (
				"${PODS_ROOT}/Target Support Files/Pods-MicroblogTests/Pods-MicroblogTests-frameworks-${CONFIGURATION}-output-files.xcfilelist",
			);
			runOnlyForDeploymentPostprocessing = 0;
			shellPath = /bin/sh;
			shellScript = "\"${PODS_ROOT}/Target Support Files/Pods-MicroblogTests/Pods-MicroblogTests-frameworks.sh\"\n";
			showEnvVarsInLog = 0;
		};
/* End PBXShellScriptBuildPhase section */

/* Begin PBXSourcesBuildPhase section */
		571FA53F23109F770076FCA7 /* Sources */ = {
			isa = PBXSourcesBuildPhase;
			buildActionMask = 2147483647;
			files = (
				571FA54923109F770076FCA7 /* MainViewController.swift in Sources */,
				578388732310F2E3007517F7 /* UserModel.swift in Sources */,
				571FA54723109F770076FCA7 /* AppDelegate.swift in Sources */,
				573C441F2312518800DC87AA /* JSONPlaceholder.swift in Sources */,
				578388762310FD90007517F7 /* UserListUserCell.swift in Sources */,
				5783886D2310F27D007517F7 /* UserListInteractor.swift in Sources */,
				573C44212312535000DC87AA /* UserService.swift in Sources */,
				573C4423231256A300DC87AA /* Logger.swift in Sources */,
				5783886B2310F19F007517F7 /* UserListBuilder.swift in Sources */,
				57D010EF23134A090083BAE9 /* UserListViewModel.swift in Sources */,
				5783887B23110D2E007517F7 /* UICollectionView+Dequeue.swift in Sources */,
				578388692310F170007517F7 /* UserListViewController.swift in Sources */,
				5783887823110C26007517F7 /* UserListTitleCell.swift in Sources */,
			);
			runOnlyForDeploymentPostprocessing = 0;
		};
		571FA55323109F7B0076FCA7 /* Sources */ = {
			isa = PBXSourcesBuildPhase;
			buildActionMask = 2147483647;
			files = (
				57D010EB23127BC20083BAE9 /* Logger.swift in Sources */,
				57D010EA23127B7F0083BAE9 /* TestableTargetType.swift in Sources */,
				57D010E823127B4F0083BAE9 /* XCTestCase+Moya.swift in Sources */,
				571FA55C23109F7B0076FCA7 /* MicroblogTests.swift in Sources */,
				57D010E5231277C10083BAE9 /* JSONPlaceholder+TestSampleData.swift in Sources */,
			);
			runOnlyForDeploymentPostprocessing = 0;
		};
/* End PBXSourcesBuildPhase section */

/* Begin PBXTargetDependency section */
		571FA55923109F7B0076FCA7 /* PBXTargetDependency */ = {
			isa = PBXTargetDependency;
			target = 571FA54223109F770076FCA7 /* Microblog */;
			targetProxy = 571FA55823109F7B0076FCA7 /* PBXContainerItemProxy */;
		};
/* End PBXTargetDependency section */

/* Begin PBXVariantGroup section */
		571FA54A23109F770076FCA7 /* Main.storyboard */ = {
			isa = PBXVariantGroup;
			children = (
				571FA54B23109F770076FCA7 /* Base */,
			);
			name = Main.storyboard;
			sourceTree = "<group>";
		};
		571FA54F23109F7B0076FCA7 /* LaunchScreen.storyboard */ = {
			isa = PBXVariantGroup;
			children = (
				571FA55023109F7B0076FCA7 /* Base */,
			);
			name = LaunchScreen.storyboard;
			sourceTree = "<group>";
		};
/* End PBXVariantGroup section */

/* Begin XCBuildConfiguration section */
		571FA55E23109F7B0076FCA7 /* Debug */ = {
			isa = XCBuildConfiguration;
			buildSettings = {
				ALWAYS_SEARCH_USER_PATHS = NO;
				CLANG_ANALYZER_NONNULL = YES;
				CLANG_ANALYZER_NUMBER_OBJECT_CONVERSION = YES_AGGRESSIVE;
				CLANG_CXX_LANGUAGE_STANDARD = "gnu++14";
				CLANG_CXX_LIBRARY = "libc++";
				CLANG_ENABLE_MODULES = YES;
				CLANG_ENABLE_OBJC_ARC = YES;
				CLANG_ENABLE_OBJC_WEAK = YES;
				CLANG_WARN_BLOCK_CAPTURE_AUTORELEASING = YES;
				CLANG_WARN_BOOL_CONVERSION = YES;
				CLANG_WARN_COMMA = YES;
				CLANG_WARN_CONSTANT_CONVERSION = YES;
				CLANG_WARN_DEPRECATED_OBJC_IMPLEMENTATIONS = YES;
				CLANG_WARN_DIRECT_OBJC_ISA_USAGE = YES_ERROR;
				CLANG_WARN_DOCUMENTATION_COMMENTS = YES;
				CLANG_WARN_EMPTY_BODY = YES;
				CLANG_WARN_ENUM_CONVERSION = YES;
				CLANG_WARN_INFINITE_RECURSION = YES;
				CLANG_WARN_INT_CONVERSION = YES;
				CLANG_WARN_NON_LITERAL_NULL_CONVERSION = YES;
				CLANG_WARN_OBJC_IMPLICIT_RETAIN_SELF = YES;
				CLANG_WARN_OBJC_LITERAL_CONVERSION = YES;
				CLANG_WARN_OBJC_ROOT_CLASS = YES_ERROR;
				CLANG_WARN_RANGE_LOOP_ANALYSIS = YES;
				CLANG_WARN_STRICT_PROTOTYPES = YES;
				CLANG_WARN_SUSPICIOUS_MOVE = YES;
				CLANG_WARN_UNGUARDED_AVAILABILITY = YES_AGGRESSIVE;
				CLANG_WARN_UNREACHABLE_CODE = YES;
				CLANG_WARN__DUPLICATE_METHOD_MATCH = YES;
				CODE_SIGN_IDENTITY = "iPhone Developer";
				COPY_PHASE_STRIP = NO;
				DEBUG_INFORMATION_FORMAT = dwarf;
				ENABLE_STRICT_OBJC_MSGSEND = YES;
				ENABLE_TESTABILITY = YES;
				GCC_C_LANGUAGE_STANDARD = gnu11;
				GCC_DYNAMIC_NO_PIC = NO;
				GCC_NO_COMMON_BLOCKS = YES;
				GCC_OPTIMIZATION_LEVEL = 0;
				GCC_PREPROCESSOR_DEFINITIONS = (
					"DEBUG=1",
					"$(inherited)",
				);
				GCC_WARN_64_TO_32_BIT_CONVERSION = YES;
				GCC_WARN_ABOUT_RETURN_TYPE = YES_ERROR;
				GCC_WARN_UNDECLARED_SELECTOR = YES;
				GCC_WARN_UNINITIALIZED_AUTOS = YES_AGGRESSIVE;
				GCC_WARN_UNUSED_FUNCTION = YES;
				GCC_WARN_UNUSED_VARIABLE = YES;
				IPHONEOS_DEPLOYMENT_TARGET = 12.4;
				MTL_ENABLE_DEBUG_INFO = INCLUDE_SOURCE;
				MTL_FAST_MATH = YES;
				ONLY_ACTIVE_ARCH = YES;
				SDKROOT = iphoneos;
				SWIFT_ACTIVE_COMPILATION_CONDITIONS = DEBUG;
				SWIFT_OPTIMIZATION_LEVEL = "-Onone";
			};
			name = Debug;
		};
		571FA55F23109F7B0076FCA7 /* Release */ = {
			isa = XCBuildConfiguration;
			buildSettings = {
				ALWAYS_SEARCH_USER_PATHS = NO;
				CLANG_ANALYZER_NONNULL = YES;
				CLANG_ANALYZER_NUMBER_OBJECT_CONVERSION = YES_AGGRESSIVE;
				CLANG_CXX_LANGUAGE_STANDARD = "gnu++14";
				CLANG_CXX_LIBRARY = "libc++";
				CLANG_ENABLE_MODULES = YES;
				CLANG_ENABLE_OBJC_ARC = YES;
				CLANG_ENABLE_OBJC_WEAK = YES;
				CLANG_WARN_BLOCK_CAPTURE_AUTORELEASING = YES;
				CLANG_WARN_BOOL_CONVERSION = YES;
				CLANG_WARN_COMMA = YES;
				CLANG_WARN_CONSTANT_CONVERSION = YES;
				CLANG_WARN_DEPRECATED_OBJC_IMPLEMENTATIONS = YES;
				CLANG_WARN_DIRECT_OBJC_ISA_USAGE = YES_ERROR;
				CLANG_WARN_DOCUMENTATION_COMMENTS = YES;
				CLANG_WARN_EMPTY_BODY = YES;
				CLANG_WARN_ENUM_CONVERSION = YES;
				CLANG_WARN_INFINITE_RECURSION = YES;
				CLANG_WARN_INT_CONVERSION = YES;
				CLANG_WARN_NON_LITERAL_NULL_CONVERSION = YES;
				CLANG_WARN_OBJC_IMPLICIT_RETAIN_SELF = YES;
				CLANG_WARN_OBJC_LITERAL_CONVERSION = YES;
				CLANG_WARN_OBJC_ROOT_CLASS = YES_ERROR;
				CLANG_WARN_RANGE_LOOP_ANALYSIS = YES;
				CLANG_WARN_STRICT_PROTOTYPES = YES;
				CLANG_WARN_SUSPICIOUS_MOVE = YES;
				CLANG_WARN_UNGUARDED_AVAILABILITY = YES_AGGRESSIVE;
				CLANG_WARN_UNREACHABLE_CODE = YES;
				CLANG_WARN__DUPLICATE_METHOD_MATCH = YES;
				CODE_SIGN_IDENTITY = "iPhone Developer";
				COPY_PHASE_STRIP = NO;
				DEBUG_INFORMATION_FORMAT = "dwarf-with-dsym";
				ENABLE_NS_ASSERTIONS = NO;
				ENABLE_STRICT_OBJC_MSGSEND = YES;
				GCC_C_LANGUAGE_STANDARD = gnu11;
				GCC_NO_COMMON_BLOCKS = YES;
				GCC_WARN_64_TO_32_BIT_CONVERSION = YES;
				GCC_WARN_ABOUT_RETURN_TYPE = YES_ERROR;
				GCC_WARN_UNDECLARED_SELECTOR = YES;
				GCC_WARN_UNINITIALIZED_AUTOS = YES_AGGRESSIVE;
				GCC_WARN_UNUSED_FUNCTION = YES;
				GCC_WARN_UNUSED_VARIABLE = YES;
				IPHONEOS_DEPLOYMENT_TARGET = 12.4;
				MTL_ENABLE_DEBUG_INFO = NO;
				MTL_FAST_MATH = YES;
				SDKROOT = iphoneos;
				SWIFT_COMPILATION_MODE = wholemodule;
				SWIFT_OPTIMIZATION_LEVEL = "-O";
				VALIDATE_PRODUCT = YES;
			};
			name = Release;
		};
		571FA56123109F7B0076FCA7 /* Debug */ = {
			isa = XCBuildConfiguration;
			baseConfigurationReference = 808A5B82133B130BA6554938 /* Pods-Microblog.debug.xcconfig */;
			buildSettings = {
				ASSETCATALOG_COMPILER_APPICON_NAME = AppIcon;
				CODE_SIGN_STYLE = Automatic;
				DEVELOPMENT_TEAM = HDDJKS56T5;
				INFOPLIST_FILE = Microblog/Resources/Info.plist;
				LD_RUNPATH_SEARCH_PATHS = (
					"$(inherited)",
					"@executable_path/Frameworks",
				);
				PRODUCT_BUNDLE_IDENTIFIER = com.victor.nouvellet.Microblog;
				PRODUCT_NAME = "$(TARGET_NAME)";
				SWIFT_VERSION = 5.0;
				TARGETED_DEVICE_FAMILY = "1,2";
			};
			name = Debug;
		};
		571FA56223109F7B0076FCA7 /* Release */ = {
			isa = XCBuildConfiguration;
			baseConfigurationReference = 4639DEF22C68ED9E06C14572 /* Pods-Microblog.release.xcconfig */;
			buildSettings = {
				ASSETCATALOG_COMPILER_APPICON_NAME = AppIcon;
				CODE_SIGN_STYLE = Automatic;
				DEVELOPMENT_TEAM = HDDJKS56T5;
				INFOPLIST_FILE = Microblog/Resources/Info.plist;
				LD_RUNPATH_SEARCH_PATHS = (
					"$(inherited)",
					"@executable_path/Frameworks",
				);
				PRODUCT_BUNDLE_IDENTIFIER = com.victor.nouvellet.Microblog;
				PRODUCT_NAME = "$(TARGET_NAME)";
				SWIFT_VERSION = 5.0;
				TARGETED_DEVICE_FAMILY = "1,2";
			};
			name = Release;
		};
		571FA56423109F7B0076FCA7 /* Debug */ = {
			isa = XCBuildConfiguration;
			baseConfigurationReference = F093845D129F3F7F37E27F36 /* Pods-MicroblogTests.debug.xcconfig */;
			buildSettings = {
				ALWAYS_EMBED_SWIFT_STANDARD_LIBRARIES = "$(inherited)";
				BUNDLE_LOADER = "$(TEST_HOST)";
				CODE_SIGN_STYLE = Automatic;
				DEVELOPMENT_TEAM = HDDJKS56T5;
				INFOPLIST_FILE = MicroblogTests/Info.plist;
				LD_RUNPATH_SEARCH_PATHS = (
					"$(inherited)",
					"@executable_path/Frameworks",
					"@loader_path/Frameworks",
				);
				PRODUCT_BUNDLE_IDENTIFIER = com.victor.nouvellet.MicroblogTests;
				PRODUCT_NAME = "$(TARGET_NAME)";
				SWIFT_VERSION = 5.0;
				TARGETED_DEVICE_FAMILY = "1,2";
				TEST_HOST = "$(BUILT_PRODUCTS_DIR)/Microblog.app/Microblog";
			};
			name = Debug;
		};
		571FA56523109F7B0076FCA7 /* Release */ = {
			isa = XCBuildConfiguration;
			baseConfigurationReference = 6E1324CA3265F9F6903634B5 /* Pods-MicroblogTests.release.xcconfig */;
			buildSettings = {
				ALWAYS_EMBED_SWIFT_STANDARD_LIBRARIES = "$(inherited)";
				BUNDLE_LOADER = "$(TEST_HOST)";
				CODE_SIGN_STYLE = Automatic;
				DEVELOPMENT_TEAM = HDDJKS56T5;
				INFOPLIST_FILE = MicroblogTests/Info.plist;
				LD_RUNPATH_SEARCH_PATHS = (
					"$(inherited)",
					"@executable_path/Frameworks",
					"@loader_path/Frameworks",
				);
				PRODUCT_BUNDLE_IDENTIFIER = com.victor.nouvellet.MicroblogTests;
				PRODUCT_NAME = "$(TARGET_NAME)";
				SWIFT_VERSION = 5.0;
				TARGETED_DEVICE_FAMILY = "1,2";
				TEST_HOST = "$(BUILT_PRODUCTS_DIR)/Microblog.app/Microblog";
			};
			name = Release;
		};
/* End XCBuildConfiguration section */

/* Begin XCConfigurationList section */
		571FA53E23109F770076FCA7 /* Build configuration list for PBXProject "Microblog" */ = {
			isa = XCConfigurationList;
			buildConfigurations = (
				571FA55E23109F7B0076FCA7 /* Debug */,
				571FA55F23109F7B0076FCA7 /* Release */,
			);
			defaultConfigurationIsVisible = 0;
			defaultConfigurationName = Release;
		};
		571FA56023109F7B0076FCA7 /* Build configuration list for PBXNativeTarget "Microblog" */ = {
			isa = XCConfigurationList;
			buildConfigurations = (
				571FA56123109F7B0076FCA7 /* Debug */,
				571FA56223109F7B0076FCA7 /* Release */,
			);
			defaultConfigurationIsVisible = 0;
			defaultConfigurationName = Release;
		};
		571FA56323109F7B0076FCA7 /* Build configuration list for PBXNativeTarget "MicroblogTests" */ = {
			isa = XCConfigurationList;
			buildConfigurations = (
				571FA56423109F7B0076FCA7 /* Debug */,
				571FA56523109F7B0076FCA7 /* Release */,
			);
			defaultConfigurationIsVisible = 0;
			defaultConfigurationName = Release;
		};
/* End XCConfigurationList section */
	};
	rootObject = 571FA53B23109F770076FCA7 /* Project object */;
}
